
Microsoft Visual Studio Solution File, Format Version 12.00
# Visual Studio Version 17
VisualStudioVersion = 17.3.32922.545
MinimumVisualStudioVersion = 10.0.40219.1
Project("{9A19103F-16F7-4668-BE54-9A1E7A4F7556}") = "GETPS.Domain", "GETPS.Api\GETPS.Domain.csproj", "{35123AE6-5B9F-4A82-9881-62E44C1CB953}"
EndProject
Project("{2150E333-8FDC-42A3-9474-1A3956D46DE8}") = "Domain", "Domain", "{A577F16E-C45B-40D7-B857-81987DDE5F05}"
EndProject
Project("{2150E333-8FDC-42A3-9474-1A3956D46DE8}") = "Tests", "Tests", "{D718DA14-1BD1-4226-ACF0-A5E334526A1E}"
EndProject
Project("{2150E333-8FDC-42A3-9474-1A3956D46DE8}") = "Sources", "Sources", "{EF6B2142-79A6-4DC1-A696-0ECB88135EB0}"
EndProject
Project("{2150E333-8FDC-42A3-9474-1A3956D46DE8}") = "Api", "Api", "{05700E96-CD63-4AF1-AE09-28EC36BAAF70}"
EndProject
Project("{2150E333-8FDC-42A3-9474-1A3956D46DE8}") = "Features", "Features", "{91C811E1-5050-48CE-A070-3471C7907FAF}"
EndProject
Project("{2150E333-8FDC-42A3-9474-1A3956D46DE8}") = "Ioc", "Ioc", "{6207BA50-9742-4D78-83E1-954FF72DAAE1}"
EndProject
Project("{2150E333-8FDC-42A3-9474-1A3956D46DE8}") = "Datas", "Datas", "{493EF74B-CB8C-4634-850F-A7B400EF14CB}"
EndProject
Project("{FAE04EC0-301F-11D3-BF4B-00C04F79EFBC}") = "GETPS.Tests", "GETPS.Tests\GETPS.Tests.csproj", "{880E5443-2860-4028-A1A8-F7902229495C}"
EndProject
Project("{FAE04EC0-301F-11D3-BF4B-00C04F79EFBC}") = "GEPTS.Api", "GEPTS.Api\GEPTS.Api.csproj", "{E9093F6A-4B77-453A-BE7F-8B3B7878B0B6}"
EndProject
Project("{FAE04EC0-301F-11D3-BF4B-00C04F79EFBC}") = "GEPTS.Datas", "GEPTS.Datas\GEPTS.Datas.csproj", "{008C02F8-3859-4FAE-AABC-9B5AFFEDB362}"
EndProject
Project("{FAE04EC0-301F-11D3-BF4B-00C04F79EFBC}") = "GEPTS.Features", "GEPTS.Features\GEPTS.Features.csproj", "{BF8DB320-4FD1-4F7C-9D4E-40C33FB62965}"
EndProject
Project("{FAE04EC0-301F-11D3-BF4B-00C04F79EFBC}") = "GEPTS.Ioc", "GEPTS.Ioc\GEPTS.Ioc.csproj", "{9D255836-3D08-4D95-AEE7-78EA67470254}"
EndProject
Global
	GlobalSection(SolutionConfigurationPlatforms) = preSolution
		Debug|Any CPU = Debug|Any CPU
		Release|Any CPU = Release|Any CPU
	EndGlobalSection
	GlobalSection(ProjectConfigurationPlatforms) = postSolution
		{35123AE6-5B9F-4A82-9881-62E44C1CB953}.Debug|Any CPU.ActiveCfg = Debug|Any CPU
		{35123AE6-5B9F-4A82-9881-62E44C1CB953}.Debug|Any CPU.Build.0 = Debug|Any CPU
		{35123AE6-5B9F-4A82-9881-62E44C1CB953}.Release|Any CPU.ActiveCfg = Release|Any CPU
		{35123AE6-5B9F-4A82-9881-62E44C1CB953}.Release|Any CPU.Build.0 = Release|Any CPU
		{880E5443-2860-4028-A1A8-F7902229495C}.Debug|Any CPU.ActiveCfg = Debug|Any CPU
		{880E5443-2860-4028-A1A8-F7902229495C}.Debug|Any CPU.Build.0 = Debug|Any CPU
		{880E5443-2860-4028-A1A8-F7902229495C}.Release|Any CPU.ActiveCfg = Release|Any CPU
		{880E5443-2860-4028-A1A8-F7902229495C}.Release|Any CPU.Build.0 = Release|Any CPU
		{E9093F6A-4B77-453A-BE7F-8B3B7878B0B6}.Debug|Any CPU.ActiveCfg = Debug|Any CPU
		{E9093F6A-4B77-453A-BE7F-8B3B7878B0B6}.Debug|Any CPU.Build.0 = Debug|Any CPU
		{E9093F6A-4B77-453A-BE7F-8B3B7878B0B6}.Release|Any CPU.ActiveCfg = Release|Any CPU
		{E9093F6A-4B77-453A-BE7F-8B3B7878B0B6}.Release|Any CPU.Build.0 = Release|Any CPU
		{008C02F8-3859-4FAE-AABC-9B5AFFEDB362}.Debug|Any CPU.ActiveCfg = Debug|Any CPU
		{008C02F8-3859-4FAE-AABC-9B5AFFEDB362}.Debug|Any CPU.Build.0 = Debug|Any CPU
		{008C02F8-3859-4FAE-AABC-9B5AFFEDB362}.Release|Any CPU.ActiveCfg = Release|Any CPU
		{008C02F8-3859-4FAE-AABC-9B5AFFEDB362}.Release|Any CPU.Build.0 = Release|Any CPU
		{BF8DB320-4FD1-4F7C-9D4E-40C33FB62965}.Debug|Any CPU.ActiveCfg = Debug|Any CPU
		{BF8DB320-4FD1-4F7C-9D4E-40C33FB62965}.Debug|Any CPU.Build.0 = Debug|Any CPU
		{BF8DB320-4FD1-4F7C-9D4E-40C33FB62965}.Release|Any CPU.ActiveCfg = Release|Any CPU
		{BF8DB320-4FD1-4F7C-9D4E-40C33FB62965}.Release|Any CPU.Build.0 = Release|Any CPU
		{9D255836-3D08-4D95-AEE7-78EA67470254}.Debug|Any CPU.ActiveCfg = Debug|Any CPU
		{9D255836-3D08-4D95-AEE7-78EA67470254}.Debug|Any CPU.Build.0 = Debug|Any CPU
		{9D255836-3D08-4D95-AEE7-78EA67470254}.Release|Any CPU.ActiveCfg = Release|Any CPU
		{9D255836-3D08-4D95-AEE7-78EA67470254}.Release|Any CPU.Build.0 = Release|Any CPU
	EndGlobalSection
	GlobalSection(SolutionProperties) = preSolution
		HideSolutionNode = FALSE
	EndGlobalSection
	GlobalSection(NestedProjects) = preSolution
		{35123AE6-5B9F-4A82-9881-62E44C1CB953} = {A577F16E-C45B-40D7-B857-81987DDE5F05}
		{A577F16E-C45B-40D7-B857-81987DDE5F05} = {EF6B2142-79A6-4DC1-A696-0ECB88135EB0}
		{05700E96-CD63-4AF1-AE09-28EC36BAAF70} = {EF6B2142-79A6-4DC1-A696-0ECB88135EB0}
		{91C811E1-5050-48CE-A070-3471C7907FAF} = {EF6B2142-79A6-4DC1-A696-0ECB88135EB0}
		{6207BA50-9742-4D78-83E1-954FF72DAAE1} = {EF6B2142-79A6-4DC1-A696-0ECB88135EB0}
		{493EF74B-CB8C-4634-850F-A7B400EF14CB} = {EF6B2142-79A6-4DC1-A696-0ECB88135EB0}
		{880E5443-2860-4028-A1A8-F7902229495C} = {D718DA14-1BD1-4226-ACF0-A5E334526A1E}
		{E9093F6A-4B77-453A-BE7F-8B3B7878B0B6} = {05700E96-CD63-4AF1-AE09-28EC36BAAF70}
		{008C02F8-3859-4FAE-AABC-9B5AFFEDB362} = {493EF74B-CB8C-4634-850F-A7B400EF14CB}
		{BF8DB320-4FD1-4F7C-9D4E-40C33FB62965} = {91C811E1-5050-48CE-A070-3471C7907FAF}
		{9D255836-3D08-4D95-AEE7-78EA67470254} = {6207BA50-9742-4D78-83E1-954FF72DAAE1}
	EndGlobalSection
	GlobalSection(ExtensibilityGlobals) = postSolution
		SolutionGuid = {E0C37FDC-340E-4077-B6FC-0652FDA8E580}
	EndGlobalSection
EndGlobal
